
Microsoft Visual Studio Solution File, Format Version 12.00
# Visual Studio Version 16
VisualStudioVersion = 16.0.30621.155
MinimumVisualStudioVersion = 10.0.40219.1
Project("{FAE04EC0-301F-11D3-BF4B-00C04F79EFBC}") = "HelpPeter", "HelpPeter\HelpPeter.csproj", "{B7A855E2-F0B2-4E51-BD7F-DC47D0E5C2FE}"
EndProject
Global
	GlobalSection(SolutionConfigurationPlatforms) = preSolution
		Debug|Any CPU = Debug|Any CPU
		Release|Any CPU = Release|Any CPU
	EndGlobalSection
	GlobalSection(ProjectConfigurationPlatforms) = postSolution
		{B7A855E2-F0B2-4E51-BD7F-DC47D0E5C2FE}.Debug|Any CPU.ActiveCfg = Debug|Any CPU
		{B7A855E2-F0B2-4E51-BD7F-DC47D0E5C2FE}.Debug|Any CPU.Build.0 = Debug|Any CPU
		{B7A855E2-F0B2-4E51-BD7F-DC47D0E5C2FE}.Release|Any CPU.ActiveCfg = Release|Any CPU
		{B7A855E2-F0B2-4E51-BD7F-DC47D0E5C2FE}.Release|Any CPU.Build.0 = Release|Any CPU
	EndGlobalSection
	GlobalSection(SolutionProperties) = preSolution
		HideSolutionNode = FALSE
	EndGlobalSection
	GlobalSection(ExtensibilityGlobals) = postSolution
		SolutionGuid = {3664F500-7539-4BB2-8FDC-BE50F8C2B10F}
	EndGlobalSection
EndGlobal
